
Microsoft Visual Studio Solution File, Format Version 12.00
Project("{FAE04EC0-301F-11D3-BF4B-00C04F79EFBC}") = "lab-four-graphics", "lab-four-graphics.csproj", "{BFE5364C-BD9A-483A-92C5-843C67243AE7}"
EndProject
Global
	GlobalSection(SolutionConfigurationPlatforms) = preSolution
		Debug|Any CPU = Debug|Any CPU
		Release|Any CPU = Release|Any CPU
	EndGlobalSection
	GlobalSection(ProjectConfigurationPlatforms) = postSolution
		{BFE5364C-BD9A-483A-92C5-843C67243AE7}.Debug|Any CPU.ActiveCfg = Debug|Any CPU
		{BFE5364C-BD9A-483A-92C5-843C67243AE7}.Debug|Any CPU.Build.0 = Debug|Any CPU
		{BFE5364C-BD9A-483A-92C5-843C67243AE7}.Release|Any CPU.ActiveCfg = Release|Any CPU
		{BFE5364C-BD9A-483A-92C5-843C67243AE7}.Release|Any CPU.Build.0 = Release|Any CPU
	EndGlobalSection
EndGlobal
